
Microsoft Visual Studio Solution File, Format Version 12.00
# Visual Studio 2013
VisualStudioVersion = 12.0.21005.1
MinimumVisualStudioVersion = 10.0.40219.1
Project("{FAE04EC0-301F-11D3-BF4B-00C04F79EFBC}") = "QA.TestingFramework.Core", "QA.TestingFramework.Core\QA.TestingFramework.Core.csproj", "{2B6B0AB0-D68B-4660-8574-C89D9F6997ED}"
EndProject
Project("{FAE04EC0-301F-11D3-BF4B-00C04F79EFBC}") = "QA.TelerikAcademy.Tests", "QA.TelerikAcademy.Tests\QA.TelerikAcademy.Tests.csproj", "{00AA72E9-6878-48A3-ABE9-2541D51CF5E3}"
EndProject
Project("{FAE04EC0-301F-11D3-BF4B-00C04F79EFBC}") = "QA.TelerikAcademy.Core", "QA.TelerikAcademy.Core\QA.TelerikAcademy.Core.csproj", "{260FD066-5FE9-4BC9-A92F-08AD8BEC2379}"
EndProject
Global
	GlobalSection(TeamFoundationVersionControl) = preSolution
		SccNumberOfProjects = 4
		SccEnterpriseProvider = {4CA58AB2-18FA-4F8D-95D4-32DDF27D184C}
		SccTeamFoundationServer = https://teamfig.visualstudio.com/defaultcollection
		SccLocalPath0 = .
		SccProjectUniqueName1 = QA.TestingFramework.Core\\QA.TestingFramework.Core.csproj
		SccProjectName1 = QA.TestingFramework.Core
		SccLocalPath1 = QA.TestingFramework.Core
		SccProjectUniqueName2 = QA.TelerikAcademy.Tests\\QA.TelerikAcademy.Tests.csproj
		SccProjectName2 = QA.TelerikAcademy.Tests
		SccLocalPath2 = QA.TelerikAcademy.Tests
		SccProjectUniqueName3 = QA.TelerikAcademy.Core\\QA.TelerikAcademy.Core.csproj
		SccProjectName3 = QA.TelerikAcademy.Core
		SccLocalPath3 = QA.TelerikAcademy.Core
	EndGlobalSection
	GlobalSection(SolutionConfigurationPlatforms) = preSolution
		Debug|Any CPU = Debug|Any CPU
		Release|Any CPU = Release|Any CPU
	EndGlobalSection
	GlobalSection(ProjectConfigurationPlatforms) = postSolution
		{2B6B0AB0-D68B-4660-8574-C89D9F6997ED}.Debug|Any CPU.ActiveCfg = Debug|Any CPU
		{2B6B0AB0-D68B-4660-8574-C89D9F6997ED}.Debug|Any CPU.Build.0 = Debug|Any CPU
		{2B6B0AB0-D68B-4660-8574-C89D9F6997ED}.Release|Any CPU.ActiveCfg = Release|Any CPU
		{2B6B0AB0-D68B-4660-8574-C89D9F6997ED}.Release|Any CPU.Build.0 = Release|Any CPU
		{00AA72E9-6878-48A3-ABE9-2541D51CF5E3}.Debug|Any CPU.ActiveCfg = Debug|Any CPU
		{00AA72E9-6878-48A3-ABE9-2541D51CF5E3}.Debug|Any CPU.Build.0 = Debug|Any CPU
		{00AA72E9-6878-48A3-ABE9-2541D51CF5E3}.Release|Any CPU.ActiveCfg = Release|Any CPU
		{00AA72E9-6878-48A3-ABE9-2541D51CF5E3}.Release|Any CPU.Build.0 = Release|Any CPU
		{260FD066-5FE9-4BC9-A92F-08AD8BEC2379}.Debug|Any CPU.ActiveCfg = Debug|Any CPU
		{260FD066-5FE9-4BC9-A92F-08AD8BEC2379}.Debug|Any CPU.Build.0 = Debug|Any CPU
		{260FD066-5FE9-4BC9-A92F-08AD8BEC2379}.Release|Any CPU.ActiveCfg = Release|Any CPU
		{260FD066-5FE9-4BC9-A92F-08AD8BEC2379}.Release|Any CPU.Build.0 = Release|Any CPU
	EndGlobalSection
	GlobalSection(SolutionProperties) = preSolution
		HideSolutionNode = FALSE
	EndGlobalSection
EndGlobal
